
Microsoft Visual Studio Solution File, Format Version 12.00
# Visual Studio 15
VisualStudioVersion = 15.0.27703.2042
MinimumVisualStudioVersion = 10.0.40219.1
Project("{FAE04EC0-301F-11D3-BF4B-00C04F79EFBC}") = "WindowsFormsApp3", "WindowsFormsApp3\WindowsFormsApp3.csproj", "{68F52B80-0ABC-469B-8AB7-F0A535F5839C}"
EndProject
Global
	GlobalSection(SolutionConfigurationPlatforms) = preSolution
		Debug|Any CPU = Debug|Any CPU
		Release|Any CPU = Release|Any CPU
	EndGlobalSection
	GlobalSection(ProjectConfigurationPlatforms) = postSolution
		{68F52B80-0ABC-469B-8AB7-F0A535F5839C}.Debug|Any CPU.ActiveCfg = Debug|Any CPU
		{68F52B80-0ABC-469B-8AB7-F0A535F5839C}.Debug|Any CPU.Build.0 = Debug|Any CPU
		{68F52B80-0ABC-469B-8AB7-F0A535F5839C}.Release|Any CPU.ActiveCfg = Release|Any CPU
		{68F52B80-0ABC-469B-8AB7-F0A535F5839C}.Release|Any CPU.Build.0 = Release|Any CPU
	EndGlobalSection
	GlobalSection(SolutionProperties) = preSolution
		HideSolutionNode = FALSE
	EndGlobalSection
	GlobalSection(ExtensibilityGlobals) = postSolution
		SolutionGuid = {EACA59A7-8B42-436F-A74A-8826FE966F10}
	EndGlobalSection
EndGlobal
